// !$*UTF8*$!
{
	archiveVersion = 1;
	classes = {
	};
	objectVersion = 56;
	objects = {

/* Begin PBXBuildFile section */
		0223E3F72EC60861009A9843 /* CustomPinchCollectionView.swift in Sources */ = {isa = PBXBuildFile; fileRef = 0223E3F62EC60861009A9843 /* CustomPinchCollectionView.swift */; };
		023AE7C22E32605800A92421 /* CombindLearn+Control.swift in Sources */ = {isa = PBXBuildFile; fileRef = 023AE7C12E32605800A92421 /* CombindLearn+Control.swift */; };
		0257ED222ED4377C004C0399 /* GridViewController+ScrollViewDelegate.swift in Sources */ = {isa = PBXBuildFile; fileRef = 0257ED212ED4377C004C0399 /* GridViewController+ScrollViewDelegate.swift */; };
		0257ED242ED43B6B004C0399 /* GridView.swift in Sources */ = {isa = PBXBuildFile; fileRef = 0257ED232ED43B6B004C0399 /* GridView.swift */; };
		02584FA22C26CBF600756A42 /* GithubAPI.swift in Sources */ = {isa = PBXBuildFile; fileRef = 02584FA12C26CBF600756A42 /* GithubAPI.swift */; };
		025A393B2E97B10400D0D135 /* PagetConcurrencyRequest.swift in Sources */ = {isa = PBXBuildFile; fileRef = 025A393A2E97B10400D0D135 /* PagetConcurrencyRequest.swift */; };
		026E4D822B2E99BF00A0858D /* AppDelegate.swift in Sources */ = {isa = PBXBuildFile; fileRef = 026E4D812B2E99BF00A0858D /* AppDelegate.swift */; };
		026E4D842B2E99BF00A0858D /* SceneDelegate.swift in Sources */ = {isa = PBXBuildFile; fileRef = 026E4D832B2E99BF00A0858D /* SceneDelegate.swift */; };
		026E4D862B2E99BF00A0858D /* ViewController.swift in Sources */ = {isa = PBXBuildFile; fileRef = 026E4D852B2E99BF00A0858D /* ViewController.swift */; };
		026E4D892B2E99BF00A0858D /* Main.storyboard in Resources */ = {isa = PBXBuildFile; fileRef = 026E4D872B2E99BF00A0858D /* Main.storyboard */; };
		026E4D8B2B2E99C100A0858D /* Assets.xcassets in Resources */ = {isa = PBXBuildFile; fileRef = 026E4D8A2B2E99C100A0858D /* Assets.xcassets */; };
		026E4D8E2B2E99C100A0858D /* LaunchScreen.storyboard in Resources */ = {isa = PBXBuildFile; fileRef = 026E4D8C2B2E99C100A0858D /* LaunchScreen.storyboard */; };
		02747ECD2BC790AF00D74A35 /* WCDBUsage.swift in Sources */ = {isa = PBXBuildFile; fileRef = 02747ECC2BC790AF00D74A35 /* WCDBUsage.swift */; };
		02747ED02BC7929100D74A35 /* HandyJsonUsage.swift in Sources */ = {isa = PBXBuildFile; fileRef = 02747ECF2BC7929100D74A35 /* HandyJsonUsage.swift */; };
		02747ED32BC7E66A00D74A35 /* XMLImportViewController.swift in Sources */ = {isa = PBXBuildFile; fileRef = 02747ED22BC7E66A00D74A35 /* XMLImportViewController.swift */; };
		029CF7082B39B76800153685 /* UILable+AttributeText.swift in Sources */ = {isa = PBXBuildFile; fileRef = 029CF7072B39B76800153685 /* UILable+AttributeText.swift */; };
		029CF70B2B39BEA600153685 /* GenericsSample.swift in Sources */ = {isa = PBXBuildFile; fileRef = 029CF70A2B39BEA600153685 /* GenericsSample.swift */; };
		029CF70E2B39C2BB00153685 /* CollectionSample.swift in Sources */ = {isa = PBXBuildFile; fileRef = 029CF70D2B39C2BB00153685 /* CollectionSample.swift */; };
		02B9B3522BD67DFB006FBFDC /* PromiseLearn.swift in Sources */ = {isa = PBXBuildFile; fileRef = 02B9B3512BD67DFB006FBFDC /* PromiseLearn.swift */; };
		02BE7F562BC56BF400013433 /* description.xml in Resources */ = {isa = PBXBuildFile; fileRef = 02BE7F552BC56BF400013433 /* description.xml */; };
		02BE7F5A2BC56C6000013433 /* SWXMLHashUsage.swift in Sources */ = {isa = PBXBuildFile; fileRef = 02BE7F592BC56C6000013433 /* SWXMLHashUsage.swift */; };
		02CBB2482BD0C4B90004EFDC /* FixtureType+RelativeAndAbsolute.swift in Sources */ = {isa = PBXBuildFile; fileRef = 02CBB2472BD0C4B90004EFDC /* FixtureType+RelativeAndAbsolute.swift */; };
		02CBB24A2BD0C9550004EFDC /* FixtureType+Common.swift in Sources */ = {isa = PBXBuildFile; fileRef = 02CBB2492BD0C9550004EFDC /* FixtureType+Common.swift */; };
		02CBB24C2BD120830004EFDC /* FixtureType+Transform.swift in Sources */ = {isa = PBXBuildFile; fileRef = 02CBB24B2BD120830004EFDC /* FixtureType+Transform.swift */; };
		02CC443C2BDF733800C500CE /* CodeiumTest.swift in Sources */ = {isa = PBXBuildFile; fileRef = 02CC443B2BDF733800C500CE /* CodeiumTest.swift */; };
		02CCD8792B899799002A442E /* ObservableSample.swift in Sources */ = {isa = PBXBuildFile; fileRef = 02CCD8782B899799002A442E /* ObservableSample.swift */; };
		02CF42CE2B48FB7000F5532C /* AvoidcrashTest.m in Sources */ = {isa = PBXBuildFile; fileRef = 02CF42CD2B48FB7000F5532C /* AvoidcrashTest.m */; };
		02D395C32B4A4EDC006EBA8C /* String+Operation.swift in Sources */ = {isa = PBXBuildFile; fileRef = 02D395C22B4A4EDC006EBA8C /* String+Operation.swift */; };
		02DC559B2DBA697400B55214 /* CombindLearn+Publisher.swift in Sources */ = {isa = PBXBuildFile; fileRef = 02DC559A2DBA697400B55214 /* CombindLearn+Publisher.swift */; };
		02E314352C21858F00000B8E /* CombindLearn.swift in Sources */ = {isa = PBXBuildFile; fileRef = 02E314342C21858F00000B8E /* CombindLearn.swift */; };
		02E314382C218E9000000B8E /* WhereSample.swift in Sources */ = {isa = PBXBuildFile; fileRef = 02E314372C218E9000000B8E /* WhereSample.swift */; };
		02E61D4B2ED03A7300083A5A /* AULampLayoutLayer.swift in Sources */ = {isa = PBXBuildFile; fileRef = 02E61D4A2ED03A7300083A5A /* AULampLayoutLayer.swift */; };
		02EF34652B9431C400E1D84B /* RxSwiftUsage.swift in Sources */ = {isa = PBXBuildFile; fileRef = 02EF34642B9431C400E1D84B /* RxSwiftUsage.swift */; };
		02EF34692B944BC000E1D84B /* UITableViewCell+RxSwift.swift in Sources */ = {isa = PBXBuildFile; fileRef = 02EF34682B944BC000E1D84B /* UITableViewCell+RxSwift.swift */; };
		02F130292ECB080E0091B39F /* GridViewController.swift in Sources */ = {isa = PBXBuildFile; fileRef = 02F130282ECB080E0091B39F /* GridViewController.swift */; };
		0C0ABD43AE22FB2064D190DF /* Pods_ControlUsageLib.framework in Frameworks */ = {isa = PBXBuildFile; fileRef = 183FD35CB60D1727B7DE63BC /* Pods_ControlUsageLib.framework */; };
/* End PBXBuildFile section */

/* Begin PBXFileReference section */
		0223E3F62EC60861009A9843 /* CustomPinchCollectionView.swift */ = {isa = PBXFileReference; lastKnownFileType = sourcecode.swift; path = CustomPinchCollectionView.swift; sourceTree = "<group>"; };
		023AE7C12E32605800A92421 /* CombindLearn+Control.swift */ = {isa = PBXFileReference; lastKnownFileType = sourcecode.swift; path = "CombindLearn+Control.swift"; sourceTree = "<group>"; };
		0257ED212ED4377C004C0399 /* GridViewController+ScrollViewDelegate.swift */ = {isa = PBXFileReference; lastKnownFileType = sourcecode.swift; path = "GridViewController+ScrollViewDelegate.swift"; sourceTree = "<group>"; };
		0257ED232ED43B6B004C0399 /* GridView.swift */ = {isa = PBXFileReference; lastKnownFileType = sourcecode.swift; path = GridView.swift; sourceTree = "<group>"; };
		02584FA12C26CBF600756A42 /* GithubAPI.swift */ = {isa = PBXFileReference; lastKnownFileType = sourcecode.swift; path = GithubAPI.swift; sourceTree = "<group>"; };
		025A393A2E97B10400D0D135 /* PagetConcurrencyRequest.swift */ = {isa = PBXFileReference; lastKnownFileType = sourcecode.swift; path = PagetConcurrencyRequest.swift; sourceTree = "<group>"; };
		026E4D7E2B2E99BF00A0858D /* ControlUsageLib.app */ = {isa = PBXFileReference; explicitFileType = wrapper.application; includeInIndex = 0; path = ControlUsageLib.app; sourceTree = BUILT_PRODUCTS_DIR; };
		026E4D812B2E99BF00A0858D /* AppDelegate.swift */ = {isa = PBXFileReference; lastKnownFileType = sourcecode.swift; path = AppDelegate.swift; sourceTree = "<group>"; };
		026E4D832B2E99BF00A0858D /* SceneDelegate.swift */ = {isa = PBXFileReference; lastKnownFileType = sourcecode.swift; path = SceneDelegate.swift; sourceTree = "<group>"; };
		026E4D852B2E99BF00A0858D /* ViewController.swift */ = {isa = PBXFileReference; lastKnownFileType = sourcecode.swift; path = ViewController.swift; sourceTree = "<group>"; };
		026E4D882B2E99BF00A0858D /* Base */ = {isa = PBXFileReference; lastKnownFileType = file.storyboard; name = Base; path = Base.lproj/Main.storyboard; sourceTree = "<group>"; };
		026E4D8A2B2E99C100A0858D /* Assets.xcassets */ = {isa = PBXFileReference; lastKnownFileType = folder.assetcatalog; path = Assets.xcassets; sourceTree = "<group>"; };
		026E4D8D2B2E99C100A0858D /* Base */ = {isa = PBXFileReference; lastKnownFileType = file.storyboard; name = Base; path = Base.lproj/LaunchScreen.storyboard; sourceTree = "<group>"; };
		026E4D8F2B2E99C100A0858D /* Info.plist */ = {isa = PBXFileReference; lastKnownFileType = text.plist.xml; path = Info.plist; sourceTree = "<group>"; };
		02747ECC2BC790AF00D74A35 /* WCDBUsage.swift */ = {isa = PBXFileReference; lastKnownFileType = sourcecode.swift; path = WCDBUsage.swift; sourceTree = "<group>"; };
		02747ECF2BC7929100D74A35 /* HandyJsonUsage.swift */ = {isa = PBXFileReference; lastKnownFileType = sourcecode.swift; path = HandyJsonUsage.swift; sourceTree = "<group>"; };
		02747ED22BC7E66A00D74A35 /* XMLImportViewController.swift */ = {isa = PBXFileReference; lastKnownFileType = sourcecode.swift; path = XMLImportViewController.swift; sourceTree = "<group>"; };
		029CF7072B39B76800153685 /* UILable+AttributeText.swift */ = {isa = PBXFileReference; lastKnownFileType = sourcecode.swift; path = "UILable+AttributeText.swift"; sourceTree = "<group>"; };
		029CF70A2B39BEA600153685 /* GenericsSample.swift */ = {isa = PBXFileReference; lastKnownFileType = sourcecode.swift; path = GenericsSample.swift; sourceTree = "<group>"; };
		029CF70D2B39C2BB00153685 /* CollectionSample.swift */ = {isa = PBXFileReference; lastKnownFileType = sourcecode.swift; path = CollectionSample.swift; sourceTree = "<group>"; };
		02B9B3512BD67DFB006FBFDC /* PromiseLearn.swift */ = {isa = PBXFileReference; lastKnownFileType = sourcecode.swift; path = PromiseLearn.swift; sourceTree = "<group>"; };
		02BE7F552BC56BF400013433 /* description.xml */ = {isa = PBXFileReference; fileEncoding = 4; lastKnownFileType = text.xml; path = description.xml; sourceTree = "<group>"; };
		02BE7F592BC56C6000013433 /* SWXMLHashUsage.swift */ = {isa = PBXFileReference; lastKnownFileType = sourcecode.swift; path = SWXMLHashUsage.swift; sourceTree = "<group>"; };
		02CBB2472BD0C4B90004EFDC /* FixtureType+RelativeAndAbsolute.swift */ = {isa = PBXFileReference; lastKnownFileType = sourcecode.swift; path = "FixtureType+RelativeAndAbsolute.swift"; sourceTree = "<group>"; };
		02CBB2492BD0C9550004EFDC /* FixtureType+Common.swift */ = {isa = PBXFileReference; lastKnownFileType = sourcecode.swift; path = "FixtureType+Common.swift"; sourceTree = "<group>"; };
		02CBB24B2BD120830004EFDC /* FixtureType+Transform.swift */ = {isa = PBXFileReference; lastKnownFileType = sourcecode.swift; path = "FixtureType+Transform.swift"; sourceTree = "<group>"; };
		02CC443B2BDF733800C500CE /* CodeiumTest.swift */ = {isa = PBXFileReference; lastKnownFileType = sourcecode.swift; path = CodeiumTest.swift; sourceTree = "<group>"; };
		02CCD8782B899799002A442E /* ObservableSample.swift */ = {isa = PBXFileReference; lastKnownFileType = sourcecode.swift; path = ObservableSample.swift; sourceTree = "<group>"; };
		02CF42CB2B48FB6F00F5532C /* ControlUsageLib-Bridging-Header.h */ = {isa = PBXFileReference; lastKnownFileType = sourcecode.c.h; path = "ControlUsageLib-Bridging-Header.h"; sourceTree = "<group>"; };
		02CF42CC2B48FB7000F5532C /* AvoidcrashTest.h */ = {isa = PBXFileReference; lastKnownFileType = sourcecode.c.h; path = AvoidcrashTest.h; sourceTree = "<group>"; };
		02CF42CD2B48FB7000F5532C /* AvoidcrashTest.m */ = {isa = PBXFileReference; lastKnownFileType = sourcecode.c.objc; path = AvoidcrashTest.m; sourceTree = "<group>"; };
		02D395C22B4A4EDC006EBA8C /* String+Operation.swift */ = {isa = PBXFileReference; lastKnownFileType = sourcecode.swift; path = "String+Operation.swift"; sourceTree = "<group>"; };
		02DC559A2DBA697400B55214 /* CombindLearn+Publisher.swift */ = {isa = PBXFileReference; lastKnownFileType = sourcecode.swift; path = "CombindLearn+Publisher.swift"; sourceTree = "<group>"; };
		02E314342C21858F00000B8E /* CombindLearn.swift */ = {isa = PBXFileReference; lastKnownFileType = sourcecode.swift; path = CombindLearn.swift; sourceTree = "<group>"; };
		02E314372C218E9000000B8E /* WhereSample.swift */ = {isa = PBXFileReference; lastKnownFileType = sourcecode.swift; path = WhereSample.swift; sourceTree = "<group>"; };
		02E61D4A2ED03A7300083A5A /* AULampLayoutLayer.swift */ = {isa = PBXFileReference; lastKnownFileType = sourcecode.swift; path = AULampLayoutLayer.swift; sourceTree = "<group>"; };
		02EF34642B9431C400E1D84B /* RxSwiftUsage.swift */ = {isa = PBXFileReference; lastKnownFileType = sourcecode.swift; path = RxSwiftUsage.swift; sourceTree = "<group>"; };
		02EF34682B944BC000E1D84B /* UITableViewCell+RxSwift.swift */ = {isa = PBXFileReference; lastKnownFileType = sourcecode.swift; path = "UITableViewCell+RxSwift.swift"; sourceTree = "<group>"; };
		02F130282ECB080E0091B39F /* GridViewController.swift */ = {isa = PBXFileReference; lastKnownFileType = sourcecode.swift; path = GridViewController.swift; sourceTree = "<group>"; };
		183FD35CB60D1727B7DE63BC /* Pods_ControlUsageLib.framework */ = {isa = PBXFileReference; explicitFileType = wrapper.framework; includeInIndex = 0; path = Pods_ControlUsageLib.framework; sourceTree = BUILT_PRODUCTS_DIR; };
		DC4555393F02C7065D45FEF4 /* Pods-ControlUsageLib.release.xcconfig */ = {isa = PBXFileReference; includeInIndex = 1; lastKnownFileType = text.xcconfig; name = "Pods-ControlUsageLib.release.xcconfig"; path = "Target Support Files/Pods-ControlUsageLib/Pods-ControlUsageLib.release.xcconfig"; sourceTree = "<group>"; };
		F33467E1A6ECE4978A5B9416 /* Pods-ControlUsageLib.debug.xcconfig */ = {isa = PBXFileReference; includeInIndex = 1; lastKnownFileType = text.xcconfig; name = "Pods-ControlUsageLib.debug.xcconfig"; path = "Target Support Files/Pods-ControlUsageLib/Pods-ControlUsageLib.debug.xcconfig"; sourceTree = "<group>"; };
/* End PBXFileReference section */

/* Begin PBXFrameworksBuildPhase section */
		026E4D7B2B2E99BF00A0858D /* Frameworks */ = {
			isa = PBXFrameworksBuildPhase;
			buildActionMask = 2147483647;
			files = (
				0C0ABD43AE22FB2064D190DF /* Pods_ControlUsageLib.framework in Frameworks */,
			);
			runOnlyForDeploymentPostprocessing = 0;
		};
/* End PBXFrameworksBuildPhase section */

/* Begin PBXGroup section */
		0223E3F52EC6083B009A9843 /* CustomCollectionView */ = {
			isa = PBXGroup;
			children = (
				0223E3F62EC60861009A9843 /* CustomPinchCollectionView.swift */,
				02F130282ECB080E0091B39F /* GridViewController.swift */,
				02E61D4A2ED03A7300083A5A /* AULampLayoutLayer.swift */,
				0257ED212ED4377C004C0399 /* GridViewController+ScrollViewDelegate.swift */,
				0257ED232ED43B6B004C0399 /* GridView.swift */,
			);
			path = CustomCollectionView;
			sourceTree = "<group>";
		};
		025A39392E97B09C00D0D135 /* PagetConcurrencyRequest */ = {
			isa = PBXGroup;
			children = (
				025A393A2E97B10400D0D135 /* PagetConcurrencyRequest.swift */,
			);
			path = PagetConcurrencyRequest;
			sourceTree = "<group>";
		};
		026E4D752B2E99BF00A0858D = {
			isa = PBXGroup;
			children = (
				026E4D802B2E99BF00A0858D /* ControlUsageLib */,
				026E4D7F2B2E99BF00A0858D /* Products */,
				CB689C254E3F6E6F7541A1DE /* Pods */,
				B01D1E00B1E660A47BDBB080 /* Frameworks */,
			);
			sourceTree = "<group>";
		};
		026E4D7F2B2E99BF00A0858D /* Products */ = {
			isa = PBXGroup;
			children = (
				026E4D7E2B2E99BF00A0858D /* ControlUsageLib.app */,
			);
			name = Products;
			sourceTree = "<group>";
		};
		026E4D802B2E99BF00A0858D /* ControlUsageLib */ = {
			isa = PBXGroup;
			children = (
				0223E3F52EC6083B009A9843 /* CustomCollectionView */,
				025A39392E97B09C00D0D135 /* PagetConcurrencyRequest */,
				02E314332C21858000000B8E /* Combine */,
				02747ECA2BC7906400D74A35 /* ThirdParty */,
				02BE7F542BC56BE100013433 /* Resource */,
				029CF70C2B39C2A900153685 /* Collection */,
				029CF7092B39BE7A00153685 /* Generics */,
				026E4D952B2E9BFD00A0858D /* UIControl */,
				026E4D812B2E99BF00A0858D /* AppDelegate.swift */,
				026E4D832B2E99BF00A0858D /* SceneDelegate.swift */,
				026E4D852B2E99BF00A0858D /* ViewController.swift */,
				026E4D872B2E99BF00A0858D /* Main.storyboard */,
				026E4D8A2B2E99C100A0858D /* Assets.xcassets */,
				026E4D8C2B2E99C100A0858D /* LaunchScreen.storyboard */,
				026E4D8F2B2E99C100A0858D /* Info.plist */,
				02CF42CC2B48FB7000F5532C /* AvoidcrashTest.h */,
				02CF42CD2B48FB7000F5532C /* AvoidcrashTest.m */,
				02CF42CB2B48FB6F00F5532C /* ControlUsageLib-Bridging-Header.h */,
			);
			path = ControlUsageLib;
			sourceTree = "<group>";
		};
		026E4D952B2E9BFD00A0858D /* UIControl */ = {
			isa = PBXGroup;
			children = (
				02D395C12B4A4E9E006EBA8C /* String */,
				026E4D962B2E9C0500A0858D /* UILabel */,
			);
			path = UIControl;
			sourceTree = "<group>";
		};
		026E4D962B2E9C0500A0858D /* UILabel */ = {
			isa = PBXGroup;
			children = (
				029CF7072B39B76800153685 /* UILable+AttributeText.swift */,
			);
			path = UILabel;
			sourceTree = "<group>";
		};
		02747ECA2BC7906400D74A35 /* ThirdParty */ = {
			isa = PBXGroup;
			children = (
				02CC443A2BDF731F00C500CE /* Codeium */,
				02B9B3502BD67DE9006FBFDC /* Promise */,
				02747ECE2BC791DD00D74A35 /* HandyJson */,
				02747ECB2BC7907A00D74A35 /* WCDB */,
				02CCD8762B899303002A442E /* RxSwift */,
				02BE7F572BC56C0700013433 /* SWXMLHash */,
			);
			path = ThirdParty;
			sourceTree = "<group>";
		};
		02747ECB2BC7907A00D74A35 /* WCDB */ = {
			isa = PBXGroup;
			children = (
				02747ECC2BC790AF00D74A35 /* WCDBUsage.swift */,
			);
			path = WCDB;
			sourceTree = "<group>";
		};
		02747ECE2BC791DD00D74A35 /* HandyJson */ = {
			isa = PBXGroup;
			children = (
				02747ECF2BC7929100D74A35 /* HandyJsonUsage.swift */,
			);
			path = HandyJson;
			sourceTree = "<group>";
		};
		02747ED12BC7E62A00D74A35 /* XMLImportViewController */ = {
			isa = PBXGroup;
			children = (
				02747ED22BC7E66A00D74A35 /* XMLImportViewController.swift */,
			);
			path = XMLImportViewController;
			sourceTree = "<group>";
		};
		029CF7092B39BE7A00153685 /* Generics */ = {
			isa = PBXGroup;
			children = (
				029CF70A2B39BEA600153685 /* GenericsSample.swift */,
			);
			path = Generics;
			sourceTree = "<group>";
		};
		029CF70C2B39C2A900153685 /* Collection */ = {
			isa = PBXGroup;
			children = (
				029CF70D2B39C2BB00153685 /* CollectionSample.swift */,
				02E314372C218E9000000B8E /* WhereSample.swift */,
			);
			path = Collection;
			sourceTree = "<group>";
		};
		02B9B3502BD67DE9006FBFDC /* Promise */ = {
			isa = PBXGroup;
			children = (
				02B9B3512BD67DFB006FBFDC /* PromiseLearn.swift */,
			);
			path = Promise;
			sourceTree = "<group>";
		};
		02BE7F542BC56BE100013433 /* Resource */ = {
			isa = PBXGroup;
			children = (
				02BE7F552BC56BF400013433 /* description.xml */,
			);
			path = Resource;
			sourceTree = "<group>";
		};
		02BE7F572BC56C0700013433 /* SWXMLHash */ = {
			isa = PBXGroup;
			children = (
				02747ED12BC7E62A00D74A35 /* XMLImportViewController */,
				02BE7F582BC56C2F00013433 /* SWXMLHashUsage */,
			);
			path = SWXMLHash;
			sourceTree = "<group>";
		};
		02BE7F582BC56C2F00013433 /* SWXMLHashUsage */ = {
			isa = PBXGroup;
			children = (
				02BE7F592BC56C6000013433 /* SWXMLHashUsage.swift */,
				02CBB2472BD0C4B90004EFDC /* FixtureType+RelativeAndAbsolute.swift */,
				02CBB2492BD0C9550004EFDC /* FixtureType+Common.swift */,
				02CBB24B2BD120830004EFDC /* FixtureType+Transform.swift */,
			);
			path = SWXMLHashUsage;
			sourceTree = "<group>";
		};
		02CC443A2BDF731F00C500CE /* Codeium */ = {
			isa = PBXGroup;
			children = (
				02CC443B2BDF733800C500CE /* CodeiumTest.swift */,
			);
			path = Codeium;
			sourceTree = "<group>";
		};
		02CCD8762B899303002A442E /* RxSwift */ = {
			isa = PBXGroup;
			children = (
				02EF34632B94314300E1D84B /* Useage */,
				02CCD8772B89973F002A442E /* Observable */,
			);
			path = RxSwift;
			sourceTree = "<group>";
		};
		02CCD8772B89973F002A442E /* Observable */ = {
			isa = PBXGroup;
			children = (
				02CCD8782B899799002A442E /* ObservableSample.swift */,
			);
			path = Observable;
			sourceTree = "<group>";
		};
		02D395C12B4A4E9E006EBA8C /* String */ = {
			isa = PBXGroup;
			children = (
				02D395C22B4A4EDC006EBA8C /* String+Operation.swift */,
			);
			path = String;
			sourceTree = "<group>";
		};
		02E314332C21858000000B8E /* Combine */ = {
			isa = PBXGroup;
			children = (
				023AE7C12E32605800A92421 /* CombindLearn+Control.swift */,
				02E314342C21858F00000B8E /* CombindLearn.swift */,
				02584FA12C26CBF600756A42 /* GithubAPI.swift */,
				02DC559A2DBA697400B55214 /* CombindLearn+Publisher.swift */,
			);
			path = Combine;
			sourceTree = "<group>";
		};
		02EF34632B94314300E1D84B /* Useage */ = {
			isa = PBXGroup;
			children = (
				02EF34662B944B8000E1D84B /* UI */,
				02EF34642B9431C400E1D84B /* RxSwiftUsage.swift */,
			);
			path = Useage;
			sourceTree = "<group>";
		};
		02EF34662B944B8000E1D84B /* UI */ = {
			isa = PBXGroup;
			children = (
				02EF34672B944B8900E1D84B /* TableViewCell */,
			);
			path = UI;
			sourceTree = "<group>";
		};
		02EF34672B944B8900E1D84B /* TableViewCell */ = {
			isa = PBXGroup;
			children = (
				02EF34682B944BC000E1D84B /* UITableViewCell+RxSwift.swift */,
			);
			path = TableViewCell;
			sourceTree = "<group>";
		};
		B01D1E00B1E660A47BDBB080 /* Frameworks */ = {
			isa = PBXGroup;
			children = (
				183FD35CB60D1727B7DE63BC /* Pods_ControlUsageLib.framework */,
			);
			name = Frameworks;
			sourceTree = "<group>";
		};
		CB689C254E3F6E6F7541A1DE /* Pods */ = {
			isa = PBXGroup;
			children = (
				F33467E1A6ECE4978A5B9416 /* Pods-ControlUsageLib.debug.xcconfig */,
				DC4555393F02C7065D45FEF4 /* Pods-ControlUsageLib.release.xcconfig */,
			);
			path = Pods;
			sourceTree = "<group>";
		};
/* End PBXGroup section */

/* Begin PBXNativeTarget section */
		026E4D7D2B2E99BF00A0858D /* ControlUsageLib */ = {
			isa = PBXNativeTarget;
			buildConfigurationList = 026E4D922B2E99C100A0858D /* Build configuration list for PBXNativeTarget "ControlUsageLib" */;
			buildPhases = (
				9BA4C7026EB27ACDD820E4D4 /* [CP] Check Pods Manifest.lock */,
				026E4D7A2B2E99BF00A0858D /* Sources */,
				026E4D7B2B2E99BF00A0858D /* Frameworks */,
				026E4D7C2B2E99BF00A0858D /* Resources */,
				B6D570532BB1A373C5FF0613 /* [CP] Embed Pods Frameworks */,
			);
			buildRules = (
			);
			dependencies = (
			);
			name = ControlUsageLib;
			productName = ControlUsageLib;
			productReference = 026E4D7E2B2E99BF00A0858D /* ControlUsageLib.app */;
			productType = "com.apple.product-type.application";
		};
/* End PBXNativeTarget section */

/* Begin PBXProject section */
		026E4D762B2E99BF00A0858D /* Project object */ = {
			isa = PBXProject;
			attributes = {
				BuildIndependentTargetsInParallel = 1;
				LastSwiftUpdateCheck = 1500;
				LastUpgradeCheck = 1500;
				TargetAttributes = {
					026E4D7D2B2E99BF00A0858D = {
						CreatedOnToolsVersion = 15.0.1;
						LastSwiftMigration = 1510;
					};
				};
			};
			buildConfigurationList = 026E4D792B2E99BF00A0858D /* Build configuration list for PBXProject "ControlUsageLib" */;
			compatibilityVersion = "Xcode 14.0";
			developmentRegion = en;
			hasScannedForEncodings = 0;
			knownRegions = (
				en,
				Base,
			);
			mainGroup = 026E4D752B2E99BF00A0858D;
			productRefGroup = 026E4D7F2B2E99BF00A0858D /* Products */;
			projectDirPath = "";
			projectRoot = "";
			targets = (
				026E4D7D2B2E99BF00A0858D /* ControlUsageLib */,
			);
		};
/* End PBXProject section */

/* Begin PBXResourcesBuildPhase section */
		026E4D7C2B2E99BF00A0858D /* Resources */ = {
			isa = PBXResourcesBuildPhase;
			buildActionMask = 2147483647;
			files = (
				026E4D8E2B2E99C100A0858D /* LaunchScreen.storyboard in Resources */,
				026E4D8B2B2E99C100A0858D /* Assets.xcassets in Resources */,
				02BE7F562BC56BF400013433 /* description.xml in Resources */,
				026E4D892B2E99BF00A0858D /* Main.storyboard in Resources */,
			);
			runOnlyForDeploymentPostprocessing = 0;
		};
/* End PBXResourcesBuildPhase section */

/* Begin PBXShellScriptBuildPhase section */
		9BA4C7026EB27ACDD820E4D4 /* [CP] Check Pods Manifest.lock */ = {
			isa = PBXShellScriptBuildPhase;
			buildActionMask = 2147483647;
			files = (
			);
			inputFileListPaths = (
			);
			inputPaths = (
				"${PODS_PODFILE_DIR_PATH}/Podfile.lock",
				"${PODS_ROOT}/Manifest.lock",
			);
			name = "[CP] Check Pods Manifest.lock";
			outputFileListPaths = (
			);
			outputPaths = (
				"$(DERIVED_FILE_DIR)/Pods-ControlUsageLib-checkManifestLockResult.txt",
			);
			runOnlyForDeploymentPostprocessing = 0;
			shellPath = /bin/sh;
			shellScript = "diff \"${PODS_PODFILE_DIR_PATH}/Podfile.lock\" \"${PODS_ROOT}/Manifest.lock\" > /dev/null\nif [ $? != 0 ] ; then\n    # print error to STDERR\n    echo \"error: The sandbox is not in sync with the Podfile.lock. Run 'pod install' or update your CocoaPods installation.\" >&2\n    exit 1\nfi\n# This output is used by Xcode 'outputs' to avoid re-running this script phase.\necho \"SUCCESS\" > \"${SCRIPT_OUTPUT_FILE_0}\"\n";
			showEnvVarsInLog = 0;
		};
		B6D570532BB1A373C5FF0613 /* [CP] Embed Pods Frameworks */ = {
			isa = PBXShellScriptBuildPhase;
			buildActionMask = 2147483647;
			files = (
			);
			inputFileListPaths = (
				"${PODS_ROOT}/Target Support Files/Pods-ControlUsageLib/Pods-ControlUsageLib-frameworks-${CONFIGURATION}-input-files.xcfilelist",
			);
			inputPaths = (
			);
			name = "[CP] Embed Pods Frameworks";
			outputFileListPaths = (
				"${PODS_ROOT}/Target Support Files/Pods-ControlUsageLib/Pods-ControlUsageLib-frameworks-${CONFIGURATION}-output-files.xcfilelist",
			);
			outputPaths = (
			);
			runOnlyForDeploymentPostprocessing = 0;
			shellPath = /bin/sh;
			shellScript = "\"${PODS_ROOT}/Target Support Files/Pods-ControlUsageLib/Pods-ControlUsageLib-frameworks.sh\"\n";
			showEnvVarsInLog = 0;
		};
/* End PBXShellScriptBuildPhase section */

/* Begin PBXSourcesBuildPhase section */
		026E4D7A2B2E99BF00A0858D /* Sources */ = {
			isa = PBXSourcesBuildPhase;
			buildActionMask = 2147483647;
			files = (
				02747ED02BC7929100D74A35 /* HandyJsonUsage.swift in Sources */,
				02B9B3522BD67DFB006FBFDC /* PromiseLearn.swift in Sources */,
				02EF34692B944BC000E1D84B /* UITableViewCell+RxSwift.swift in Sources */,
				02CBB2482BD0C4B90004EFDC /* FixtureType+RelativeAndAbsolute.swift in Sources */,
				029CF7082B39B76800153685 /* UILable+AttributeText.swift in Sources */,
				023AE7C22E32605800A92421 /* CombindLearn+Control.swift in Sources */,
				02CBB24C2BD120830004EFDC /* FixtureType+Transform.swift in Sources */,
				02DC559B2DBA697400B55214 /* CombindLearn+Publisher.swift in Sources */,
				02CBB24A2BD0C9550004EFDC /* FixtureType+Common.swift in Sources */,
				0257ED222ED4377C004C0399 /* GridViewController+ScrollViewDelegate.swift in Sources */,
				02F130292ECB080E0091B39F /* GridViewController.swift in Sources */,
				0223E3F72EC60861009A9843 /* CustomPinchCollectionView.swift in Sources */,
				02747ED32BC7E66A00D74A35 /* XMLImportViewController.swift in Sources */,
				02CCD8792B899799002A442E /* ObservableSample.swift in Sources */,
				02E314382C218E9000000B8E /* WhereSample.swift in Sources */,
				02BE7F5A2BC56C6000013433 /* SWXMLHashUsage.swift in Sources */,
				029CF70B2B39BEA600153685 /* GenericsSample.swift in Sources */,
				026E4D862B2E99BF00A0858D /* ViewController.swift in Sources */,
				02747ECD2BC790AF00D74A35 /* WCDBUsage.swift in Sources */,
				029CF70E2B39C2BB00153685 /* CollectionSample.swift in Sources */,
				025A393B2E97B10400D0D135 /* PagetConcurrencyRequest.swift in Sources */,
				02584FA22C26CBF600756A42 /* GithubAPI.swift in Sources */,
				02E61D4B2ED03A7300083A5A /* AULampLayoutLayer.swift in Sources */,
				02D395C32B4A4EDC006EBA8C /* String+Operation.swift in Sources */,
				0257ED242ED43B6B004C0399 /* GridView.swift in Sources */,
				026E4D822B2E99BF00A0858D /* AppDelegate.swift in Sources */,
				02EF34652B9431C400E1D84B /* RxSwiftUsage.swift in Sources */,
				026E4D842B2E99BF00A0858D /* SceneDelegate.swift in Sources */,
				02CC443C2BDF733800C500CE /* CodeiumTest.swift in Sources */,
				02CF42CE2B48FB7000F5532C /* AvoidcrashTest.m in Sources */,
				02E314352C21858F00000B8E /* CombindLearn.swift in Sources */,
			);
			runOnlyForDeploymentPostprocessing = 0;
		};
/* End PBXSourcesBuildPhase section */

/* Begin PBXVariantGroup section */
		026E4D872B2E99BF00A0858D /* Main.storyboard */ = {
			isa = PBXVariantGroup;
			children = (
				026E4D882B2E99BF00A0858D /* Base */,
			);
			name = Main.storyboard;
			sourceTree = "<group>";
		};
		026E4D8C2B2E99C100A0858D /* LaunchScreen.storyboard */ = {
			isa = PBXVariantGroup;
			children = (
				026E4D8D2B2E99C100A0858D /* Base */,
			);
			name = LaunchScreen.storyboard;
			sourceTree = "<group>";
		};
/* End PBXVariantGroup section */

/* Begin XCBuildConfiguration section */
		026E4D902B2E99C100A0858D /* Debug */ = {
			isa = XCBuildConfiguration;
			buildSettings = {
				ALWAYS_SEARCH_USER_PATHS = NO;
				ASSETCATALOG_COMPILER_GENERATE_SWIFT_ASSET_SYMBOL_EXTENSIONS = YES;
				CLANG_ANALYZER_NONNULL = YES;
				CLANG_ANALYZER_NUMBER_OBJECT_CONVERSION = YES_AGGRESSIVE;
				CLANG_CXX_LANGUAGE_STANDARD = "gnu++20";
				CLANG_ENABLE_MODULES = YES;
				CLANG_ENABLE_OBJC_ARC = YES;
				CLANG_ENABLE_OBJC_WEAK = YES;
				CLANG_WARN_BLOCK_CAPTURE_AUTORELEASING = YES;
				CLANG_WARN_BOOL_CONVERSION = YES;
				CLANG_WARN_COMMA = YES;
				CLANG_WARN_CONSTANT_CONVERSION = YES;
				CLANG_WARN_DEPRECATED_OBJC_IMPLEMENTATIONS = YES;
				CLANG_WARN_DIRECT_OBJC_ISA_USAGE = YES_ERROR;
				CLANG_WARN_DOCUMENTATION_COMMENTS = YES;
				CLANG_WARN_EMPTY_BODY = YES;
				CLANG_WARN_ENUM_CONVERSION = YES;
				CLANG_WARN_INFINITE_RECURSION = YES;
				CLANG_WARN_INT_CONVERSION = YES;
				CLANG_WARN_NON_LITERAL_NULL_CONVERSION = YES;
				CLANG_WARN_OBJC_IMPLICIT_RETAIN_SELF = YES;
				CLANG_WARN_OBJC_LITERAL_CONVERSION = YES;
				CLANG_WARN_OBJC_ROOT_CLASS = YES_ERROR;
				CLANG_WARN_QUOTED_INCLUDE_IN_FRAMEWORK_HEADER = YES;
				CLANG_WARN_RANGE_LOOP_ANALYSIS = YES;
				CLANG_WARN_STRICT_PROTOTYPES = YES;
				CLANG_WARN_SUSPICIOUS_MOVE = YES;
				CLANG_WARN_UNGUARDED_AVAILABILITY = YES_AGGRESSIVE;
				CLANG_WARN_UNREACHABLE_CODE = YES;
				CLANG_WARN__DUPLICATE_METHOD_MATCH = YES;
				COPY_PHASE_STRIP = NO;
				DEBUG_INFORMATION_FORMAT = dwarf;
				ENABLE_STRICT_OBJC_MSGSEND = YES;
				ENABLE_TESTABILITY = YES;
				ENABLE_USER_SCRIPT_SANDBOXING = YES;
				GCC_C_LANGUAGE_STANDARD = gnu17;
				GCC_DYNAMIC_NO_PIC = NO;
				GCC_NO_COMMON_BLOCKS = YES;
				GCC_OPTIMIZATION_LEVEL = 0;
				GCC_PREPROCESSOR_DEFINITIONS = (
					"DEBUG=1",
					"$(inherited)",
				);
				GCC_WARN_64_TO_32_BIT_CONVERSION = YES;
				GCC_WARN_ABOUT_RETURN_TYPE = YES_ERROR;
				GCC_WARN_UNDECLARED_SELECTOR = YES;
				GCC_WARN_UNINITIALIZED_AUTOS = YES_AGGRESSIVE;
				GCC_WARN_UNUSED_FUNCTION = YES;
				GCC_WARN_UNUSED_VARIABLE = YES;
				IPHONEOS_DEPLOYMENT_TARGET = 12.0;
				LOCALIZATION_PREFERS_STRING_CATALOGS = YES;
				MTL_ENABLE_DEBUG_INFO = INCLUDE_SOURCE;
				MTL_FAST_MATH = YES;
				ONLY_ACTIVE_ARCH = YES;
				SDKROOT = iphoneos;
				SWIFT_ACTIVE_COMPILATION_CONDITIONS = "DEBUG $(inherited)";
				SWIFT_OPTIMIZATION_LEVEL = "-Onone";
			};
			name = Debug;
		};
		026E4D912B2E99C100A0858D /* Release */ = {
			isa = XCBuildConfiguration;
			buildSettings = {
				ALWAYS_SEARCH_USER_PATHS = NO;
				ASSETCATALOG_COMPILER_GENERATE_SWIFT_ASSET_SYMBOL_EXTENSIONS = YES;
				CLANG_ANALYZER_NONNULL = YES;
				CLANG_ANALYZER_NUMBER_OBJECT_CONVERSION = YES_AGGRESSIVE;
				CLANG_CXX_LANGUAGE_STANDARD = "gnu++20";
				CLANG_ENABLE_MODULES = YES;
				CLANG_ENABLE_OBJC_ARC = YES;
				CLANG_ENABLE_OBJC_WEAK = YES;
				CLANG_WARN_BLOCK_CAPTURE_AUTORELEASING = YES;
				CLANG_WARN_BOOL_CONVERSION = YES;
				CLANG_WARN_COMMA = YES;
				CLANG_WARN_CONSTANT_CONVERSION = YES;
				CLANG_WARN_DEPRECATED_OBJC_IMPLEMENTATIONS = YES;
				CLANG_WARN_DIRECT_OBJC_ISA_USAGE = YES_ERROR;
				CLANG_WARN_DOCUMENTATION_COMMENTS = YES;
				CLANG_WARN_EMPTY_BODY = YES;
				CLANG_WARN_ENUM_CONVERSION = YES;
				CLANG_WARN_INFINITE_RECURSION = YES;
				CLANG_WARN_INT_CONVERSION = YES;
				CLANG_WARN_NON_LITERAL_NULL_CONVERSION = YES;
				CLANG_WARN_OBJC_IMPLICIT_RETAIN_SELF = YES;
				CLANG_WARN_OBJC_LITERAL_CONVERSION = YES;
				CLANG_WARN_OBJC_ROOT_CLASS = YES_ERROR;
				CLANG_WARN_QUOTED_INCLUDE_IN_FRAMEWORK_HEADER = YES;
				CLANG_WARN_RANGE_LOOP_ANALYSIS = YES;
				CLANG_WARN_STRICT_PROTOTYPES = YES;
				CLANG_WARN_SUSPICIOUS_MOVE = YES;
				CLANG_WARN_UNGUARDED_AVAILABILITY = YES_AGGRESSIVE;
				CLANG_WARN_UNREACHABLE_CODE = YES;
				CLANG_WARN__DUPLICATE_METHOD_MATCH = YES;
				COPY_PHASE_STRIP = NO;
				DEBUG_INFORMATION_FORMAT = "dwarf-with-dsym";
				ENABLE_NS_ASSERTIONS = NO;
				ENABLE_STRICT_OBJC_MSGSEND = YES;
				ENABLE_USER_SCRIPT_SANDBOXING = YES;
				GCC_C_LANGUAGE_STANDARD = gnu17;
				GCC_NO_COMMON_BLOCKS = YES;
				GCC_WARN_64_TO_32_BIT_CONVERSION = YES;
				GCC_WARN_ABOUT_RETURN_TYPE = YES_ERROR;
				GCC_WARN_UNDECLARED_SELECTOR = YES;
				GCC_WARN_UNINITIALIZED_AUTOS = YES_AGGRESSIVE;
				GCC_WARN_UNUSED_FUNCTION = YES;
				GCC_WARN_UNUSED_VARIABLE = YES;
				IPHONEOS_DEPLOYMENT_TARGET = 12.0;
				LOCALIZATION_PREFERS_STRING_CATALOGS = YES;
				MTL_ENABLE_DEBUG_INFO = NO;
				MTL_FAST_MATH = YES;
				SDKROOT = iphoneos;
				SWIFT_COMPILATION_MODE = wholemodule;
				VALIDATE_PRODUCT = YES;
			};
			name = Release;
		};
		026E4D932B2E99C100A0858D /* Debug */ = {
			isa = XCBuildConfiguration;
			baseConfigurationReference = F33467E1A6ECE4978A5B9416 /* Pods-ControlUsageLib.debug.xcconfig */;
			buildSettings = {
				ASSETCATALOG_COMPILER_APPICON_NAME = AppIcon;
				ASSETCATALOG_COMPILER_GLOBAL_ACCENT_COLOR_NAME = AccentColor;
				CLANG_ENABLE_MODULES = YES;
				CODE_SIGN_STYLE = Automatic;
				CURRENT_PROJECT_VERSION = 1;
				DEVELOPMENT_TEAM = B4XU6H852M;
				ENABLE_USER_SCRIPT_SANDBOXING = NO;
				GENERATE_INFOPLIST_FILE = YES;
				INFOPLIST_FILE = ControlUsageLib/Info.plist;
				INFOPLIST_KEY_UIApplicationSupportsIndirectInputEvents = YES;
				INFOPLIST_KEY_UILaunchStoryboardName = LaunchScreen;
				INFOPLIST_KEY_UIMainStoryboardFile = Main;
				INFOPLIST_KEY_UISupportedInterfaceOrientations = "UIInterfaceOrientationLandscapeLeft UIInterfaceOrientationLandscapeRight UIInterfaceOrientationPortrait";
				INFOPLIST_KEY_UISupportedInterfaceOrientations_iPad = "UIInterfaceOrientationLandscapeLeft UIInterfaceOrientationLandscapeRight";
				IPHONEOS_DEPLOYMENT_TARGET = 13.0;
				LD_RUNPATH_SEARCH_PATHS = (
					"$(inherited)",
					"@executable_path/Frameworks",
				);
				MARKETING_VERSION = 1.0;
				PRODUCT_BUNDLE_IDENTIFIER = com.ted.test.ControlUsageLib;
				PRODUCT_NAME = "$(TARGET_NAME)";
				SWIFT_EMIT_LOC_STRINGS = YES;
				SWIFT_OBJC_BRIDGING_HEADER = "ControlUsageLib/ControlUsageLib-Bridging-Header.h";
				SWIFT_OPTIMIZATION_LEVEL = "-Onone";
				SWIFT_VERSION = 5.0;
				TARGETED_DEVICE_FAMILY = "1,2";
			};
			name = Debug;
		};
		026E4D942B2E99C100A0858D /* Release */ = {
			isa = XCBuildConfiguration;
			baseConfigurationReference = DC4555393F02C7065D45FEF4 /* Pods-ControlUsageLib.release.xcconfig */;
			buildSettings = {
				ASSETCATALOG_COMPILER_APPICON_NAME = AppIcon;
				ASSETCATALOG_COMPILER_GLOBAL_ACCENT_COLOR_NAME = AccentColor;
				CLANG_ENABLE_MODULES = YES;
				CODE_SIGN_STYLE = Automatic;
				CURRENT_PROJECT_VERSION = 1;
				DEVELOPMENT_TEAM = B4XU6H852M;
				ENABLE_USER_SCRIPT_SANDBOXING = NO;
				GENERATE_INFOPLIST_FILE = YES;
				INFOPLIST_FILE = ControlUsageLib/Info.plist;
				INFOPLIST_KEY_UIApplicationSupportsIndirectInputEvents = YES;
				INFOPLIST_KEY_UILaunchStoryboardName = LaunchScreen;
				INFOPLIST_KEY_UIMainStoryboardFile = Main;
				INFOPLIST_KEY_UISupportedInterfaceOrientations = "UIInterfaceOrientationLandscapeLeft UIInterfaceOrientationLandscapeRight UIInterfaceOrientationPortrait";
				INFOPLIST_KEY_UISupportedInterfaceOrientations_iPad = "UIInterfaceOrientationLandscapeLeft UIInterfaceOrientationLandscapeRight";
				IPHONEOS_DEPLOYMENT_TARGET = 13.0;
				LD_RUNPATH_SEARCH_PATHS = (
					"$(inherited)",
					"@executable_path/Frameworks",
				);
				MARKETING_VERSION = 1.0;
				PRODUCT_BUNDLE_IDENTIFIER = com.ted.test.ControlUsageLib;
				PRODUCT_NAME = "$(TARGET_NAME)";
				SWIFT_EMIT_LOC_STRINGS = YES;
				SWIFT_OBJC_BRIDGING_HEADER = "ControlUsageLib/ControlUsageLib-Bridging-Header.h";
				SWIFT_VERSION = 5.0;
				TARGETED_DEVICE_FAMILY = "1,2";
			};
			name = Release;
		};
/* End XCBuildConfiguration section */

/* Begin XCConfigurationList section */
		026E4D792B2E99BF00A0858D /* Build configuration list for PBXProject "ControlUsageLib" */ = {
			isa = XCConfigurationList;
			buildConfigurations = (
				026E4D902B2E99C100A0858D /* Debug */,
				026E4D912B2E99C100A0858D /* Release */,
			);
			defaultConfigurationIsVisible = 0;
			defaultConfigurationName = Release;
		};
		026E4D922B2E99C100A0858D /* Build configuration list for PBXNativeTarget "ControlUsageLib" */ = {
			isa = XCConfigurationList;
			buildConfigurations = (
				026E4D932B2E99C100A0858D /* Debug */,
				026E4D942B2E99C100A0858D /* Release */,
			);
			defaultConfigurationIsVisible = 0;
			defaultConfigurationName = Release;
		};
/* End XCConfigurationList section */
	};
	rootObject = 026E4D762B2E99BF00A0858D /* Project object */;
}
